// !$*UTF8*$!
{
	archiveVersion = 1;
	classes = {
	};
	objectVersion = 46;
	objects = {

/* Begin PBXBuildFile section */
		C19DB1821A5CFC3900FEB6C9 /* IBTUILabel.m in Sources */ = {isa = PBXBuildFile; fileRef = C19DB1811A5CFC3900FEB6C9 /* IBTUILabel.m */; };
		C1C4F1011A5F7A3600475A3D /* UIView+ViewFrameGeometry.m in Sources */ = {isa = PBXBuildFile; fileRef = C1C4F1001A5F7A3600475A3D /* UIView+ViewFrameGeometry.m */; };
		C1C4F1021A5F7A3600475A3D /* UIView+ViewFrameGeometry.m in Sources */ = {isa = PBXBuildFile; fileRef = C1C4F1001A5F7A3600475A3D /* UIView+ViewFrameGeometry.m */; };
		C1E5857C1A5EE07D00853B2C /* UILabel+SizeCalculate.m in Sources */ = {isa = PBXBuildFile; fileRef = C1E5857B1A5EE07D00853B2C /* UILabel+SizeCalculate.m */; };
		C1E5857D1A5EE07D00853B2C /* UILabel+SizeCalculate.m in Sources */ = {isa = PBXBuildFile; fileRef = C1E5857B1A5EE07D00853B2C /* UILabel+SizeCalculate.m */; };
		C1E585801A5EEF5800853B2C /* UIImage+Tint.m in Sources */ = {isa = PBXBuildFile; fileRef = C1E5857F1A5EEF5800853B2C /* UIImage+Tint.m */; };
		C1E585811A5EEF5800853B2C /* UIImage+Tint.m in Sources */ = {isa = PBXBuildFile; fileRef = C1E5857F1A5EEF5800853B2C /* UIImage+Tint.m */; };
		C1EF69D71A5E1C87004884A3 /* Reveal.framework in Frameworks */ = {isa = PBXBuildFile; fileRef = C1EF69D61A5E1C87004884A3 /* Reveal.framework */; };
		C1EF69DA1A5E2891004884A3 /* IBTBadgeView.m in Sources */ = {isa = PBXBuildFile; fileRef = C1EF69D91A5E2891004884A3 /* IBTBadgeView.m */; };
		C1EF69DD1A5E7F53004884A3 /* EditorCellsViewController.m in Sources */ = {isa = PBXBuildFile; fileRef = C1EF69DC1A5E7F53004884A3 /* EditorCellsViewController.m */; };
		C1EF69DE1A5E7F53004884A3 /* EditorCellsViewController.m in Sources */ = {isa = PBXBuildFile; fileRef = C1EF69DC1A5E7F53004884A3 /* EditorCellsViewController.m */; };
		C1FF6CE71A5A9D30000D0F48 /* main.m in Sources */ = {isa = PBXBuildFile; fileRef = C1FF6CE61A5A9D30000D0F48 /* main.m */; };
		C1FF6CEA1A5A9D30000D0F48 /* AppDelegate.m in Sources */ = {isa = PBXBuildFile; fileRef = C1FF6CE91A5A9D30000D0F48 /* AppDelegate.m */; };
		C1FF6CED1A5A9D30000D0F48 /* ViewController.m in Sources */ = {isa = PBXBuildFile; fileRef = C1FF6CEC1A5A9D30000D0F48 /* ViewController.m */; };
		C1FF6CF21A5A9D30000D0F48 /* Images.xcassets in Resources */ = {isa = PBXBuildFile; fileRef = C1FF6CF11A5A9D30000D0F48 /* Images.xcassets */; };
		C1FF6CF51A5A9D30000D0F48 /* LaunchScreen.xib in Resources */ = {isa = PBXBuildFile; fileRef = C1FF6CF31A5A9D30000D0F48 /* LaunchScreen.xib */; };
		C1FF6D011A5A9D30000D0F48 /* IBTTableViewKitTests.m in Sources */ = {isa = PBXBuildFile; fileRef = C1FF6D001A5A9D30000D0F48 /* IBTTableViewKitTests.m */; };
		C1FF6D0D1A5A9E7A000D0F48 /* IBTTableViewUserInfo.m in Sources */ = {isa = PBXBuildFile; fileRef = C1FF6D0C1A5A9E7A000D0F48 /* IBTTableViewUserInfo.m */; };
		C1FF6D0E1A5A9E7A000D0F48 /* IBTTableViewUserInfo.m in Sources */ = {isa = PBXBuildFile; fileRef = C1FF6D0C1A5A9E7A000D0F48 /* IBTTableViewUserInfo.m */; };
		C1FF6D111A5A9F24000D0F48 /* IBTTableViewCell.m in Sources */ = {isa = PBXBuildFile; fileRef = C1FF6D101A5A9F24000D0F48 /* IBTTableViewCell.m */; };
		C1FF6D121A5A9F24000D0F48 /* IBTTableViewCell.m in Sources */ = {isa = PBXBuildFile; fileRef = C1FF6D101A5A9F24000D0F48 /* IBTTableViewCell.m */; };
		C1FF6D151A5A9F3F000D0F48 /* IBTTableView.m in Sources */ = {isa = PBXBuildFile; fileRef = C1FF6D141A5A9F3F000D0F48 /* IBTTableView.m */; };
		C1FF6D161A5A9F3F000D0F48 /* IBTTableView.m in Sources */ = {isa = PBXBuildFile; fileRef = C1FF6D141A5A9F3F000D0F48 /* IBTTableView.m */; };
		C1FF6D191A5A9F7D000D0F48 /* IBTTableViewSectionInfo.m in Sources */ = {isa = PBXBuildFile; fileRef = C1FF6D181A5A9F7D000D0F48 /* IBTTableViewSectionInfo.m */; };
		C1FF6D1A1A5A9F7D000D0F48 /* IBTTableViewSectionInfo.m in Sources */ = {isa = PBXBuildFile; fileRef = C1FF6D181A5A9F7D000D0F48 /* IBTTableViewSectionInfo.m */; };
		C1FF6D1D1A5A9FA8000D0F48 /* IBTTableViewInfo.m in Sources */ = {isa = PBXBuildFile; fileRef = C1FF6D1C1A5A9FA8000D0F48 /* IBTTableViewInfo.m */; };
		C1FF6D1E1A5A9FA8000D0F48 /* IBTTableViewInfo.m in Sources */ = {isa = PBXBuildFile; fileRef = C1FF6D1C1A5A9FA8000D0F48 /* IBTTableViewInfo.m */; };
		C1FF6D211A5A9FC2000D0F48 /* IBTTableViewCellInfo.m in Sources */ = {isa = PBXBuildFile; fileRef = C1FF6D201A5A9FC2000D0F48 /* IBTTableViewCellInfo.m */; };
		C1FF6D221A5A9FC2000D0F48 /* IBTTableViewCellInfo.m in Sources */ = {isa = PBXBuildFile; fileRef = C1FF6D201A5A9FC2000D0F48 /* IBTTableViewCellInfo.m */; };
/* End PBXBuildFile section */

/* Begin PBXContainerItemProxy section */
		C1FF6CFB1A5A9D30000D0F48 /* PBXContainerItemProxy */ = {
			isa = PBXContainerItemProxy;
			containerPortal = C1FF6CD91A5A9D30000D0F48 /* Project object */;
			proxyType = 1;
			remoteGlobalIDString = C1FF6CE01A5A9D30000D0F48;
			remoteInfo = IBTTableViewKit;
		};
/* End PBXContainerItemProxy section */

/* Begin PBXFileReference section */
		C19DB1801A5CFC3900FEB6C9 /* IBTUILabel.h */ = {isa = PBXFileReference; fileEncoding = 4; lastKnownFileType = sourcecode.c.h; path = IBTUILabel.h; sourceTree = "<group>"; };
		C19DB1811A5CFC3900FEB6C9 /* IBTUILabel.m */ = {isa = PBXFileReference; fileEncoding = 4; lastKnownFileType = sourcecode.c.objc; path = IBTUILabel.m; sourceTree = "<group>"; };
		C1C4F0FF1A5F7A3600475A3D /* UIView+ViewFrameGeometry.h */ = {isa = PBXFileReference; fileEncoding = 4; lastKnownFileType = sourcecode.c.h; path = "UIView+ViewFrameGeometry.h"; sourceTree = "<group>"; };
		C1C4F1001A5F7A3600475A3D /* UIView+ViewFrameGeometry.m */ = {isa = PBXFileReference; fileEncoding = 4; lastKnownFileType = sourcecode.c.objc; path = "UIView+ViewFrameGeometry.m"; sourceTree = "<group>"; };
		C1C4F1031A5F85F500475A3D /* IBTTableViewKit-Prefix.pch */ = {isa = PBXFileReference; fileEncoding = 4; lastKnownFileType = sourcecode.c.h; path = "IBTTableViewKit-Prefix.pch"; sourceTree = "<group>"; };
		C1E5857A1A5EE07D00853B2C /* UILabel+SizeCalculate.h */ = {isa = PBXFileReference; fileEncoding = 4; lastKnownFileType = sourcecode.c.h; path = "UILabel+SizeCalculate.h"; sourceTree = "<group>"; };
		C1E5857B1A5EE07D00853B2C /* UILabel+SizeCalculate.m */ = {isa = PBXFileReference; fileEncoding = 4; lastKnownFileType = sourcecode.c.objc; path = "UILabel+SizeCalculate.m"; sourceTree = "<group>"; };
		C1E5857E1A5EEF5800853B2C /* UIImage+Tint.h */ = {isa = PBXFileReference; fileEncoding = 4; lastKnownFileType = sourcecode.c.h; path = "UIImage+Tint.h"; sourceTree = "<group>"; };
		C1E5857F1A5EEF5800853B2C /* UIImage+Tint.m */ = {isa = PBXFileReference; fileEncoding = 4; lastKnownFileType = sourcecode.c.objc; path = "UIImage+Tint.m"; sourceTree = "<group>"; };
		C1EF69D61A5E1C87004884A3 /* Reveal.framework */ = {isa = PBXFileReference; lastKnownFileType = wrapper.framework; path = Reveal.framework; sourceTree = "<group>"; };
		C1EF69D81A5E2891004884A3 /* IBTBadgeView.h */ = {isa = PBXFileReference; fileEncoding = 4; lastKnownFileType = sourcecode.c.h; path = IBTBadgeView.h; sourceTree = "<group>"; };
		C1EF69D91A5E2891004884A3 /* IBTBadgeView.m */ = {isa = PBXFileReference; fileEncoding = 4; lastKnownFileType = sourcecode.c.objc; path = IBTBadgeView.m; sourceTree = "<group>"; };
		C1EF69DB1A5E7F53004884A3 /* EditorCellsViewController.h */ = {isa = PBXFileReference; fileEncoding = 4; lastKnownFileType = sourcecode.c.h; path = EditorCellsViewController.h; sourceTree = "<group>"; };
		C1EF69DC1A5E7F53004884A3 /* EditorCellsViewController.m */ = {isa = PBXFileReference; fileEncoding = 4; lastKnownFileType = sourcecode.c.objc; path = EditorCellsViewController.m; sourceTree = "<group>"; };
		C1FF6CE11A5A9D30000D0F48 /* IBTTableViewKit.app */ = {isa = PBXFileReference; explicitFileType = wrapper.application; includeInIndex = 0; path = IBTTableViewKit.app; sourceTree = BUILT_PRODUCTS_DIR; };
		C1FF6CE51A5A9D30000D0F48 /* Info.plist */ = {isa = PBXFileReference; lastKnownFileType = text.plist.xml; path = Info.plist; sourceTree = "<group>"; };
		C1FF6CE61A5A9D30000D0F48 /* main.m */ = {isa = PBXFileReference; lastKnownFileType = sourcecode.c.objc; path = main.m; sourceTree = "<group>"; };
		C1FF6CE81A5A9D30000D0F48 /* AppDelegate.h */ = {isa = PBXFileReference; lastKnownFileType = sourcecode.c.h; path = AppDelegate.h; sourceTree = "<group>"; };
		C1FF6CE91A5A9D30000D0F48 /* AppDelegate.m */ = {isa = PBXFileReference; lastKnownFileType = sourcecode.c.objc; path = AppDelegate.m; sourceTree = "<group>"; };
		C1FF6CEB1A5A9D30000D0F48 /* ViewController.h */ = {isa = PBXFileReference; lastKnownFileType = sourcecode.c.h; path = ViewController.h; sourceTree = "<group>"; };
		C1FF6CEC1A5A9D30000D0F48 /* ViewController.m */ = {isa = PBXFileReference; lastKnownFileType = sourcecode.c.objc; path = ViewController.m; sourceTree = "<group>"; };
		C1FF6CF11A5A9D30000D0F48 /* Images.xcassets */ = {isa = PBXFileReference; lastKnownFileType = folder.assetcatalog; path = Images.xcassets; sourceTree = "<group>"; };
		C1FF6CF41A5A9D30000D0F48 /* Base */ = {isa = PBXFileReference; lastKnownFileType = file.xib; name = Base; path = Base.lproj/LaunchScreen.xib; sourceTree = "<group>"; };
		C1FF6CFA1A5A9D30000D0F48 /* IBTTableViewKitTests.xctest */ = {isa = PBXFileReference; explicitFileType = wrapper.cfbundle; includeInIndex = 0; path = IBTTableViewKitTests.xctest; sourceTree = BUILT_PRODUCTS_DIR; };
		C1FF6CFF1A5A9D30000D0F48 /* Info.plist */ = {isa = PBXFileReference; lastKnownFileType = text.plist.xml; path = Info.plist; sourceTree = "<group>"; };
		C1FF6D001A5A9D30000D0F48 /* IBTTableViewKitTests.m */ = {isa = PBXFileReference; lastKnownFileType = sourcecode.c.objc; path = IBTTableViewKitTests.m; sourceTree = "<group>"; };
		C1FF6D0B1A5A9E7A000D0F48 /* IBTTableViewUserInfo.h */ = {isa = PBXFileReference; fileEncoding = 4; lastKnownFileType = sourcecode.c.h; path = IBTTableViewUserInfo.h; sourceTree = "<group>"; };
		C1FF6D0C1A5A9E7A000D0F48 /* IBTTableViewUserInfo.m */ = {isa = PBXFileReference; fileEncoding = 4; lastKnownFileType = sourcecode.c.objc; path = IBTTableViewUserInfo.m; sourceTree = "<group>"; };
		C1FF6D0F1A5A9F24000D0F48 /* IBTTableViewCell.h */ = {isa = PBXFileReference; fileEncoding = 4; lastKnownFileType = sourcecode.c.h; path = IBTTableViewCell.h; sourceTree = "<group>"; };
		C1FF6D101A5A9F24000D0F48 /* IBTTableViewCell.m */ = {isa = PBXFileReference; fileEncoding = 4; lastKnownFileType = sourcecode.c.objc; path = IBTTableViewCell.m; sourceTree = "<group>"; };
		C1FF6D131A5A9F3F000D0F48 /* IBTTableView.h */ = {isa = PBXFileReference; fileEncoding = 4; lastKnownFileType = sourcecode.c.h; path = IBTTableView.h; sourceTree = "<group>"; };
		C1FF6D141A5A9F3F000D0F48 /* IBTTableView.m */ = {isa = PBXFileReference; fileEncoding = 4; lastKnownFileType = sourcecode.c.objc; path = IBTTableView.m; sourceTree = "<group>"; };
		C1FF6D171A5A9F7D000D0F48 /* IBTTableViewSectionInfo.h */ = {isa = PBXFileReference; fileEncoding = 4; lastKnownFileType = sourcecode.c.h; path = IBTTableViewSectionInfo.h; sourceTree = "<group>"; };
		C1FF6D181A5A9F7D000D0F48 /* IBTTableViewSectionInfo.m */ = {isa = PBXFileReference; fileEncoding = 4; lastKnownFileType = sourcecode.c.objc; path = IBTTableViewSectionInfo.m; sourceTree = "<group>"; };
		C1FF6D1B1A5A9FA8000D0F48 /* IBTTableViewInfo.h */ = {isa = PBXFileReference; fileEncoding = 4; lastKnownFileType = sourcecode.c.h; path = IBTTableViewInfo.h; sourceTree = "<group>"; };
		C1FF6D1C1A5A9FA8000D0F48 /* IBTTableViewInfo.m */ = {isa = PBXFileReference; fileEncoding = 4; lastKnownFileType = sourcecode.c.objc; path = IBTTableViewInfo.m; sourceTree = "<group>"; };
		C1FF6D1F1A5A9FC2000D0F48 /* IBTTableViewCellInfo.h */ = {isa = PBXFileReference; fileEncoding = 4; lastKnownFileType = sourcecode.c.h; path = IBTTableViewCellInfo.h; sourceTree = "<group>"; };
		C1FF6D201A5A9FC2000D0F48 /* IBTTableViewCellInfo.m */ = {isa = PBXFileReference; fileEncoding = 4; lastKnownFileType = sourcecode.c.objc; path = IBTTableViewCellInfo.m; sourceTree = "<group>"; };
		C1FF6D231A5A9FF3000D0F48 /* IBTTableViewInfoDelegate.h */ = {isa = PBXFileReference; fileEncoding = 4; lastKnownFileType = sourcecode.c.h; path = IBTTableViewInfoDelegate.h; sourceTree = "<group>"; };
/* End PBXFileReference section */

/* Begin PBXFrameworksBuildPhase section */
		C1FF6CDE1A5A9D30000D0F48 /* Frameworks */ = {
			isa = PBXFrameworksBuildPhase;
			buildActionMask = 2147483647;
			files = (
				C1EF69D71A5E1C87004884A3 /* Reveal.framework in Frameworks */,
			);
			runOnlyForDeploymentPostprocessing = 0;
		};
		C1FF6CF71A5A9D30000D0F48 /* Frameworks */ = {
			isa = PBXFrameworksBuildPhase;
			buildActionMask = 2147483647;
			files = (
			);
			runOnlyForDeploymentPostprocessing = 0;
		};
/* End PBXFrameworksBuildPhase section */

/* Begin PBXGroup section */
		C19DB17F1A5CFBF400FEB6C9 /* IBTUIKit */ = {
			isa = PBXGroup;
			children = (
				C19DB1801A5CFC3900FEB6C9 /* IBTUILabel.h */,
				C19DB1811A5CFC3900FEB6C9 /* IBTUILabel.m */,
				C1EF69D81A5E2891004884A3 /* IBTBadgeView.h */,
				C1EF69D91A5E2891004884A3 /* IBTBadgeView.m */,
			);
			path = IBTUIKit;
			sourceTree = "<group>";
		};
		C1E585791A5EE07C00853B2C /* Category */ = {
			isa = PBXGroup;
			children = (
				C1E5857A1A5EE07D00853B2C /* UILabel+SizeCalculate.h */,
				C1E5857B1A5EE07D00853B2C /* UILabel+SizeCalculate.m */,
				C1E5857E1A5EEF5800853B2C /* UIImage+Tint.h */,
				C1E5857F1A5EEF5800853B2C /* UIImage+Tint.m */,
				C1C4F0FF1A5F7A3600475A3D /* UIView+ViewFrameGeometry.h */,
				C1C4F1001A5F7A3600475A3D /* UIView+ViewFrameGeometry.m */,
			);
			path = Category;
			sourceTree = "<group>";
		};
		C1FF6CD81A5A9D30000D0F48 = {
			isa = PBXGroup;
			children = (
				C1EF69D61A5E1C87004884A3 /* Reveal.framework */,
				C1FF6CE31A5A9D30000D0F48 /* IBTTableViewKit */,
				C1FF6CFD1A5A9D30000D0F48 /* IBTTableViewKitTests */,
				C1FF6CE21A5A9D30000D0F48 /* Products */,
			);
			sourceTree = "<group>";
		};
		C1FF6CE21A5A9D30000D0F48 /* Products */ = {
			isa = PBXGroup;
			children = (
				C1FF6CE11A5A9D30000D0F48 /* IBTTableViewKit.app */,
				C1FF6CFA1A5A9D30000D0F48 /* IBTTableViewKitTests.xctest */,
			);
			name = Products;
			sourceTree = "<group>";
		};
		C1FF6CE31A5A9D30000D0F48 /* IBTTableViewKit */ = {
			isa = PBXGroup;
			children = (
				C1E585791A5EE07C00853B2C /* Category */,
				C19DB17F1A5CFBF400FEB6C9 /* IBTUIKit */,
				C1FF6D0A1A5A9E44000D0F48 /* IBTTableViewInfo */,
				C1FF6CE81A5A9D30000D0F48 /* AppDelegate.h */,
				C1FF6CE91A5A9D30000D0F48 /* AppDelegate.m */,
				C1FF6CEB1A5A9D30000D0F48 /* ViewController.h */,
				C1FF6CEC1A5A9D30000D0F48 /* ViewController.m */,
				C1EF69DB1A5E7F53004884A3 /* EditorCellsViewController.h */,
				C1EF69DC1A5E7F53004884A3 /* EditorCellsViewController.m */,
				C1FF6CF11A5A9D30000D0F48 /* Images.xcassets */,
				C1FF6CF31A5A9D30000D0F48 /* LaunchScreen.xib */,
				C1FF6CE41A5A9D30000D0F48 /* Supporting Files */,
			);
			path = IBTTableViewKit;
			sourceTree = "<group>";
		};
		C1FF6CE41A5A9D30000D0F48 /* Supporting Files */ = {
			isa = PBXGroup;
			children = (
				C1FF6CE51A5A9D30000D0F48 /* Info.plist */,
				C1FF6CE61A5A9D30000D0F48 /* main.m */,
				C1C4F1031A5F85F500475A3D /* IBTTableViewKit-Prefix.pch */,
			);
			name = "Supporting Files";
			sourceTree = "<group>";
		};
		C1FF6CFD1A5A9D30000D0F48 /* IBTTableViewKitTests */ = {
			isa = PBXGroup;
			children = (
				C1FF6D001A5A9D30000D0F48 /* IBTTableViewKitTests.m */,
				C1FF6CFE1A5A9D30000D0F48 /* Supporting Files */,
			);
			path = IBTTableViewKitTests;
			sourceTree = "<group>";
		};
		C1FF6CFE1A5A9D30000D0F48 /* Supporting Files */ = {
			isa = PBXGroup;
			children = (
				C1FF6CFF1A5A9D30000D0F48 /* Info.plist */,
			);
			name = "Supporting Files";
			sourceTree = "<group>";
		};
		C1FF6D0A1A5A9E44000D0F48 /* IBTTableViewInfo */ = {
			isa = PBXGroup;
			children = (
				C1FF6D131A5A9F3F000D0F48 /* IBTTableView.h */,
				C1FF6D141A5A9F3F000D0F48 /* IBTTableView.m */,
				C1FF6D0F1A5A9F24000D0F48 /* IBTTableViewCell.h */,
				C1FF6D101A5A9F24000D0F48 /* IBTTableViewCell.m */,
				C1FF6D0B1A5A9E7A000D0F48 /* IBTTableViewUserInfo.h */,
				C1FF6D0C1A5A9E7A000D0F48 /* IBTTableViewUserInfo.m */,
				C1FF6D1B1A5A9FA8000D0F48 /* IBTTableViewInfo.h */,
				C1FF6D1C1A5A9FA8000D0F48 /* IBTTableViewInfo.m */,
				C1FF6D171A5A9F7D000D0F48 /* IBTTableViewSectionInfo.h */,
				C1FF6D181A5A9F7D000D0F48 /* IBTTableViewSectionInfo.m */,
				C1FF6D1F1A5A9FC2000D0F48 /* IBTTableViewCellInfo.h */,
				C1FF6D201A5A9FC2000D0F48 /* IBTTableViewCellInfo.m */,
				C1FF6D231A5A9FF3000D0F48 /* IBTTableViewInfoDelegate.h */,
			);
			path = IBTTableViewInfo;
			sourceTree = "<group>";
		};
/* End PBXGroup section */

/* Begin PBXNativeTarget section */
		C1FF6CE01A5A9D30000D0F48 /* IBTTableViewKit */ = {
			isa = PBXNativeTarget;
			buildConfigurationList = C1FF6D041A5A9D30000D0F48 /* Build configuration list for PBXNativeTarget "IBTTableViewKit" */;
			buildPhases = (
				C1FF6CDD1A5A9D30000D0F48 /* Sources */,
				C1FF6CDE1A5A9D30000D0F48 /* Frameworks */,
				C1FF6CDF1A5A9D30000D0F48 /* Resources */,
			);
			buildRules = (
			);
			dependencies = (
			);
			name = IBTTableViewKit;
			productName = IBTTableViewKit;
			productReference = C1FF6CE11A5A9D30000D0F48 /* IBTTableViewKit.app */;
			productType = "com.apple.product-type.application";
		};
		C1FF6CF91A5A9D30000D0F48 /* IBTTableViewKitTests */ = {
			isa = PBXNativeTarget;
			buildConfigurationList = C1FF6D071A5A9D30000D0F48 /* Build configuration list for PBXNativeTarget "IBTTableViewKitTests" */;
			buildPhases = (
				C1FF6CF61A5A9D30000D0F48 /* Sources */,
				C1FF6CF71A5A9D30000D0F48 /* Frameworks */,
				C1FF6CF81A5A9D30000D0F48 /* Resources */,
			);
			buildRules = (
			);
			dependencies = (
				C1FF6CFC1A5A9D30000D0F48 /* PBXTargetDependency */,
			);
			name = IBTTableViewKitTests;
			productName = IBTTableViewKitTests;
			productReference = C1FF6CFA1A5A9D30000D0F48 /* IBTTableViewKitTests.xctest */;
			productType = "com.apple.product-type.bundle.unit-test";
		};
/* End PBXNativeTarget section */

/* Begin PBXProject section */
		C1FF6CD91A5A9D30000D0F48 /* Project object */ = {
			isa = PBXProject;
			attributes = {
				LastUpgradeCheck = 0610;
				ORGANIZATIONNAME = Xummer;
				TargetAttributes = {
					C1FF6CE01A5A9D30000D0F48 = {
						CreatedOnToolsVersion = 6.1.1;
					};
					C1FF6CF91A5A9D30000D0F48 = {
						CreatedOnToolsVersion = 6.1.1;
						TestTargetID = C1FF6CE01A5A9D30000D0F48;
					};
				};
			};
			buildConfigurationList = C1FF6CDC1A5A9D30000D0F48 /* Build configuration list for PBXProject "IBTTableViewKit" */;
			compatibilityVersion = "Xcode 3.2";
			developmentRegion = English;
			hasScannedForEncodings = 0;
			knownRegions = (
				en,
				Base,
			);
			mainGroup = C1FF6CD81A5A9D30000D0F48;
			productRefGroup = C1FF6CE21A5A9D30000D0F48 /* Products */;
			projectDirPath = "";
			projectRoot = "";
			targets = (
				C1FF6CE01A5A9D30000D0F48 /* IBTTableViewKit */,
				C1FF6CF91A5A9D30000D0F48 /* IBTTableViewKitTests */,
			);
		};
/* End PBXProject section */

/* Begin PBXResourcesBuildPhase section */
		C1FF6CDF1A5A9D30000D0F48 /* Resources */ = {
			isa = PBXResourcesBuildPhase;
			buildActionMask = 2147483647;
			files = (
				C1FF6CF51A5A9D30000D0F48 /* LaunchScreen.xib in Resources */,
				C1FF6CF21A5A9D30000D0F48 /* Images.xcassets in Resources */,
			);
			runOnlyForDeploymentPostprocessing = 0;
		};
		C1FF6CF81A5A9D30000D0F48 /* Resources */ = {
			isa = PBXResourcesBuildPhase;
			buildActionMask = 2147483647;
			files = (
			);
			runOnlyForDeploymentPostprocessing = 0;
		};
/* End PBXResourcesBuildPhase section */

/* Begin PBXSourcesBuildPhase section */
		C1FF6CDD1A5A9D30000D0F48 /* Sources */ = {
			isa = PBXSourcesBuildPhase;
			buildActionMask = 2147483647;
			files = (
				C1FF6CED1A5A9D30000D0F48 /* ViewController.m in Sources */,
				C1FF6D191A5A9F7D000D0F48 /* IBTTableViewSectionInfo.m in Sources */,
				C1E5857C1A5EE07D00853B2C /* UILabel+SizeCalculate.m in Sources */,
				C19DB1821A5CFC3900FEB6C9 /* IBTUILabel.m in Sources */,
				C1C4F1011A5F7A3600475A3D /* UIView+ViewFrameGeometry.m in Sources */,
				C1FF6CEA1A5A9D30000D0F48 /* AppDelegate.m in Sources */,
				C1FF6D1D1A5A9FA8000D0F48 /* IBTTableViewInfo.m in Sources */,
				C1FF6D111A5A9F24000D0F48 /* IBTTableViewCell.m in Sources */,
				C1EF69DA1A5E2891004884A3 /* IBTBadgeView.m in Sources */,
				C1E585801A5EEF5800853B2C /* UIImage+Tint.m in Sources */,
				C1FF6D151A5A9F3F000D0F48 /* IBTTableView.m in Sources */,
				C1FF6D0D1A5A9E7A000D0F48 /* IBTTableViewUserInfo.m in Sources */,
				C1FF6CE71A5A9D30000D0F48 /* main.m in Sources */,
				C1FF6D211A5A9FC2000D0F48 /* IBTTableViewCellInfo.m in Sources */,
				C1EF69DD1A5E7F53004884A3 /* EditorCellsViewController.m in Sources */,
			);
			runOnlyForDeploymentPostprocessing = 0;
		};
		C1FF6CF61A5A9D30000D0F48 /* Sources */ = {
			isa = PBXSourcesBuildPhase;
			buildActionMask = 2147483647;
			files = (
				C1FF6D221A5A9FC2000D0F48 /* IBTTableViewCellInfo.m in Sources */,
				C1E5857D1A5EE07D00853B2C /* UILabel+SizeCalculate.m in Sources */,
				C1E585811A5EEF5800853B2C /* UIImage+Tint.m in Sources */,
				C1C4F1021A5F7A3600475A3D /* UIView+ViewFrameGeometry.m in Sources */,
				C1FF6D0E1A5A9E7A000D0F48 /* IBTTableViewUserInfo.m in Sources */,
				C1FF6D1E1A5A9FA8000D0F48 /* IBTTableViewInfo.m in Sources */,
				C1FF6D121A5A9F24000D0F48 /* IBTTableViewCell.m in Sources */,
				C1FF6D011A5A9D30000D0F48 /* IBTTableViewKitTests.m in Sources */,
				C1FF6D161A5A9F3F000D0F48 /* IBTTableView.m in Sources */,
				C1FF6D1A1A5A9F7D000D0F48 /* IBTTableViewSectionInfo.m in Sources */,
				C1EF69DE1A5E7F53004884A3 /* EditorCellsViewController.m in Sources */,
			);
			runOnlyForDeploymentPostprocessing = 0;
		};
/* End PBXSourcesBuildPhase section */

/* Begin PBXTargetDependency section */
		C1FF6CFC1A5A9D30000D0F48 /* PBXTargetDependency */ = {
			isa = PBXTargetDependency;
			target = C1FF6CE01A5A9D30000D0F48 /* IBTTableViewKit */;
			targetProxy = C1FF6CFB1A5A9D30000D0F48 /* PBXContainerItemProxy */;
		};
/* End PBXTargetDependency section */

/* Begin PBXVariantGroup section */
		C1FF6CF31A5A9D30000D0F48 /* LaunchScreen.xib */ = {
			isa = PBXVariantGroup;
			children = (
				C1FF6CF41A5A9D30000D0F48 /* Base */,
			);
			name = LaunchScreen.xib;
			sourceTree = "<group>";
		};
/* End PBXVariantGroup section */

/* Begin XCBuildConfiguration section */
		C1FF6D021A5A9D30000D0F48 /* Debug */ = {
			isa = XCBuildConfiguration;
			buildSettings = {
				ALWAYS_SEARCH_USER_PATHS = NO;
				CLANG_CXX_LANGUAGE_STANDARD = "gnu++0x";
				CLANG_CXX_LIBRARY = "libc++";
				CLANG_ENABLE_MODULES = YES;
				CLANG_ENABLE_OBJC_ARC = YES;
				CLANG_WARN_BOOL_CONVERSION = YES;
				CLANG_WARN_CONSTANT_CONVERSION = YES;
				CLANG_WARN_DIRECT_OBJC_ISA_USAGE = YES_ERROR;
				CLANG_WARN_EMPTY_BODY = YES;
				CLANG_WARN_ENUM_CONVERSION = YES;
				CLANG_WARN_INT_CONVERSION = YES;
				CLANG_WARN_OBJC_ROOT_CLASS = YES_ERROR;
				CLANG_WARN_UNREACHABLE_CODE = YES;
				CLANG_WARN__DUPLICATE_METHOD_MATCH = YES;
				"CODE_SIGN_IDENTITY[sdk=iphoneos*]" = "iPhone Developer";
				COPY_PHASE_STRIP = NO;
				ENABLE_STRICT_OBJC_MSGSEND = YES;
				GCC_C_LANGUAGE_STANDARD = gnu99;
				GCC_DYNAMIC_NO_PIC = NO;
				GCC_OPTIMIZATION_LEVEL = 0;
				GCC_PREPROCESSOR_DEFINITIONS = (
					"DEBUG=1",
					"$(inherited)",
				);
				GCC_SYMBOLS_PRIVATE_EXTERN = NO;
				GCC_WARN_64_TO_32_BIT_CONVERSION = YES;
				GCC_WARN_ABOUT_RETURN_TYPE = YES_ERROR;
				GCC_WARN_UNDECLARED_SELECTOR = YES;
				GCC_WARN_UNINITIALIZED_AUTOS = YES_AGGRESSIVE;
				GCC_WARN_UNUSED_FUNCTION = YES;
				GCC_WARN_UNUSED_VARIABLE = YES;
				IPHONEOS_DEPLOYMENT_TARGET = 8.1;
				MTL_ENABLE_DEBUG_INFO = YES;
				ONLY_ACTIVE_ARCH = YES;
				SDKROOT = iphoneos;
				TARGETED_DEVICE_FAMILY = "1,2";
			};
			name = Debug;
		};
		C1FF6D031A5A9D30000D0F48 /* Release */ = {
			isa = XCBuildConfiguration;
			buildSettings = {
				ALWAYS_SEARCH_USER_PATHS = NO;
				CLANG_CXX_LANGUAGE_STANDARD = "gnu++0x";
				CLANG_CXX_LIBRARY = "libc++";
				CLANG_ENABLE_MODULES = YES;
				CLANG_ENABLE_OBJC_ARC = YES;
				CLANG_WARN_BOOL_CONVERSION = YES;
				CLANG_WARN_CONSTANT_CONVERSION = YES;
				CLANG_WARN_DIRECT_OBJC_ISA_USAGE = YES_ERROR;
				CLANG_WARN_EMPTY_BODY = YES;
				CLANG_WARN_ENUM_CONVERSION = YES;
				CLANG_WARN_INT_CONVERSION = YES;
				CLANG_WARN_OBJC_ROOT_CLASS = YES_ERROR;
				CLANG_WARN_UNREACHABLE_CODE = YES;
				CLANG_WARN__DUPLICATE_METHOD_MATCH = YES;
				"CODE_SIGN_IDENTITY[sdk=iphoneos*]" = "iPhone Developer";
				COPY_PHASE_STRIP = YES;
				ENABLE_NS_ASSERTIONS = NO;
				ENABLE_STRICT_OBJC_MSGSEND = YES;
				GCC_C_LANGUAGE_STANDARD = gnu99;
				GCC_WARN_64_TO_32_BIT_CONVERSION = YES;
				GCC_WARN_ABOUT_RETURN_TYPE = YES_ERROR;
				GCC_WARN_UNDECLARED_SELECTOR = YES;
				GCC_WARN_UNINITIALIZED_AUTOS = YES_AGGRESSIVE;
				GCC_WARN_UNUSED_FUNCTION = YES;
				GCC_WARN_UNUSED_VARIABLE = YES;
				IPHONEOS_DEPLOYMENT_TARGET = 8.1;
				MTL_ENABLE_DEBUG_INFO = NO;
				SDKROOT = iphoneos;
				TARGETED_DEVICE_FAMILY = "1,2";
				VALIDATE_PRODUCT = YES;
			};
			name = Release;
		};
		C1FF6D051A5A9D30000D0F48 /* Debug */ = {
			isa = XCBuildConfiguration;
			buildSettings = {
				ASSETCATALOG_COMPILER_APPICON_NAME = AppIcon;
				FRAMEWORK_SEARCH_PATHS = (
					"$(inherited)",
					"$(PROJECT_DIR)",
				);
				GCC_PRECOMPILE_PREFIX_HEADER = YES;
				GCC_PREFIX_HEADER = "$(SRCROOT)/IBTTableViewKit/IBTTableViewKit-Prefix.pch";
				INFOPLIST_FILE = IBTTableViewKit/Info.plist;
				IPHONEOS_DEPLOYMENT_TARGET = 7.0;
				LD_RUNPATH_SEARCH_PATHS = "$(inherited) @executable_path/Frameworks";
				PRODUCT_NAME = "$(TARGET_NAME)";
			};
			name = Debug;
		};
		C1FF6D061A5A9D30000D0F48 /* Release */ = {
			isa = XCBuildConfiguration;
			buildSettings = {
				ASSETCATALOG_COMPILER_APPICON_NAME = AppIcon;
				FRAMEWORK_SEARCH_PATHS = (
					"$(inherited)",
					"$(PROJECT_DIR)",
				);
				GCC_PRECOMPILE_PREFIX_HEADER = YES;
				GCC_PREFIX_HEADER = "$(SRCROOT)/IBTTableViewKit/IBTTableViewKit-Prefix.pch";
				INFOPLIST_FILE = IBTTableViewKit/Info.plist;
				IPHONEOS_DEPLOYMENT_TARGET = 7.0;
				LD_RUNPATH_SEARCH_PATHS = "$(inherited) @executable_path/Frameworks";
				PRODUCT_NAME = "$(TARGET_NAME)";
			};
			name = Release;
		};
		C1FF6D081A5A9D30000D0F48 /* Debug */ = {
			isa = XCBuildConfiguration;
			buildSettings = {
				BUNDLE_LOADER = "$(TEST_HOST)";
				FRAMEWORK_SEARCH_PATHS = (
					"$(SDKROOT)/Developer/Library/Frameworks",
					"$(inherited)",
				);
				GCC_PREPROCESSOR_DEFINITIONS = (
					"DEBUG=1",
					"$(inherited)",
				);
				INFOPLIST_FILE = IBTTableViewKitTests/Info.plist;
				LD_RUNPATH_SEARCH_PATHS = "$(inherited) @executable_path/Frameworks @loader_path/Frameworks";
				PRODUCT_NAME = "$(TARGET_NAME)";
				TEST_HOST = "$(BUILT_PRODUCTS_DIR)/IBTTableViewKit.app/IBTTableViewKit";
			};
			name = Debug;
		};
		C1FF6D091A5A9D30000D0F48 /* Release */ = {
			isa = XCBuildConfiguration;
			buildSettings = {
				BUNDLE_LOADER = "$(TEST_HOST)";
				FRAMEWORK_SEARCH_PATHS = (
					"$(SDKROOT)/Developer/Library/Frameworks",
					"$(inherited)",
				);
				INFOPLIST_FILE = IBTTableViewKitTests/Info.plist;
				LD_RUNPATH_SEARCH_PATHS = "$(inherited) @executable_path/Frameworks @loader_path/Frameworks";
				PRODUCT_NAME = "$(TARGET_NAME)";
				TEST_HOST = "$(BUILT_PRODUCTS_DIR)/IBTTableViewKit.app/IBTTableViewKit";
			};
			name = Release;
		};
/* End XCBuildConfiguration section */

/* Begin XCConfigurationList section */
		C1FF6CDC1A5A9D30000D0F48 /* Build configuration list for PBXProject "IBTTableViewKit" */ = {
			isa = XCConfigurationList;
			buildConfigurations = (
				C1FF6D021A5A9D30000D0F48 /* Debug */,
				C1FF6D031A5A9D30000D0F48 /* Release */,
			);
			defaultConfigurationIsVisible = 0;
			defaultConfigurationName = Release;
		};
		C1FF6D041A5A9D30000D0F48 /* Build configuration list for PBXNativeTarget "IBTTableViewKit" */ = {
			isa = XCConfigurationList;
			buildConfigurations = (
				C1FF6D051A5A9D30000D0F48 /* Debug */,
				C1FF6D061A5A9D30000D0F48 /* Release */,
			);
			defaultConfigurationIsVisible = 0;
			defaultConfigurationName = Release;
		};
		C1FF6D071A5A9D30000D0F48 /* Build configuration list for PBXNativeTarget "IBTTableViewKitTests" */ = {
			isa = XCConfigurationList;
			buildConfigurations = (
				C1FF6D081A5A9D30000D0F48 /* Debug */,
				C1FF6D091A5A9D30000D0F48 /* Release */,
			);
			defaultConfigurationIsVisible = 0;
			defaultConfigurationName = Release;
		};
/* End XCConfigurationList section */
	};
	rootObject = C1FF6CD91A5A9D30000D0F48 /* Project object */;
}
